// !$*UTF8*$!
{
	archiveVersion = 1;
	classes = {
	};
	objectVersion = 46;
	objects = {

/* Begin PBXBuildFile section */
		482C7E891E5D7B2B00E47069 /* main.m in Sources */ = {isa = PBXBuildFile; fileRef = 482C7E881E5D7B2B00E47069 /* main.m */; };
		482C7E8C1E5D7B2B00E47069 /* AppDelegate.m in Sources */ = {isa = PBXBuildFile; fileRef = 482C7E8B1E5D7B2B00E47069 /* AppDelegate.m */; };
		482C7E8F1E5D7B2B00E47069 /* ViewController.m in Sources */ = {isa = PBXBuildFile; fileRef = 482C7E8E1E5D7B2B00E47069 /* ViewController.m */; };
		482C7E921E5D7B2B00E47069 /* Main.storyboard in Resources */ = {isa = PBXBuildFile; fileRef = 482C7E901E5D7B2B00E47069 /* Main.storyboard */; };
		482C7E941E5D7B2B00E47069 /* Assets.xcassets in Resources */ = {isa = PBXBuildFile; fileRef = 482C7E931E5D7B2B00E47069 /* Assets.xcassets */; };
		482C7E971E5D7B2B00E47069 /* LaunchScreen.storyboard in Resources */ = {isa = PBXBuildFile; fileRef = 482C7E951E5D7B2B00E47069 /* LaunchScreen.storyboard */; };
		482C7EA21E5D7B2B00E47069 /* multiThreadSafeUITests.m in Sources */ = {isa = PBXBuildFile; fileRef = 482C7EA11E5D7B2B00E47069 /* multiThreadSafeUITests.m */; };
/* End PBXBuildFile section */

/* Begin PBXContainerItemProxy section */
		482C7E9E1E5D7B2B00E47069 /* PBXContainerItemProxy */ = {
			isa = PBXContainerItemProxy;
			containerPortal = 482C7E7C1E5D7B2B00E47069 /* Project object */;
			proxyType = 1;
			remoteGlobalIDString = 482C7E831E5D7B2B00E47069;
			remoteInfo = multiThreadSafe;
		};
/* End PBXContainerItemProxy section */

/* Begin PBXFileReference section */
		482C7E841E5D7B2B00E47069 /* multiThreadSafe.app */ = {isa = PBXFileReference; explicitFileType = wrapper.application; includeInIndex = 0; path = multiThreadSafe.app; sourceTree = BUILT_PRODUCTS_DIR; };
		482C7E881E5D7B2B00E47069 /* main.m */ = {isa = PBXFileReference; lastKnownFileType = sourcecode.c.objc; path = main.m; sourceTree = "<group>"; };
		482C7E8A1E5D7B2B00E47069 /* AppDelegate.h */ = {isa = PBXFileReference; lastKnownFileType = sourcecode.c.h; path = AppDelegate.h; sourceTree = "<group>"; };
		482C7E8B1E5D7B2B00E47069 /* AppDelegate.m */ = {isa = PBXFileReference; lastKnownFileType = sourcecode.c.objc; path = AppDelegate.m; sourceTree = "<group>"; };
		482C7E8D1E5D7B2B00E47069 /* ViewController.h */ = {isa = PBXFileReference; lastKnownFileType = sourcecode.c.h; path = ViewController.h; sourceTree = "<group>"; };
		482C7E8E1E5D7B2B00E47069 /* ViewController.m */ = {isa = PBXFileReference; lastKnownFileType = sourcecode.c.objc; path = ViewController.m; sourceTree = "<group>"; };
		482C7E911E5D7B2B00E47069 /* Base */ = {isa = PBXFileReference; lastKnownFileType = file.storyboard; name = Base; path = Base.lproj/Main.storyboard; sourceTree = "<group>"; };
		482C7E931E5D7B2B00E47069 /* Assets.xcassets */ = {isa = PBXFileReference; lastKnownFileType = folder.assetcatalog; path = Assets.xcassets; sourceTree = "<group>"; };
		482C7E961E5D7B2B00E47069 /* Base */ = {isa = PBXFileReference; lastKnownFileType = file.storyboard; name = Base; path = Base.lproj/LaunchScreen.storyboard; sourceTree = "<group>"; };
		482C7E981E5D7B2B00E47069 /* Info.plist */ = {isa = PBXFileReference; lastKnownFileType = text.plist.xml; path = Info.plist; sourceTree = "<group>"; };
		482C7E9D1E5D7B2B00E47069 /* multiThreadSafeUITests.xctest */ = {isa = PBXFileReference; explicitFileType = wrapper.cfbundle; includeInIndex = 0; path = multiThreadSafeUITests.xctest; sourceTree = BUILT_PRODUCTS_DIR; };
		482C7EA11E5D7B2B00E47069 /* multiThreadSafeUITests.m */ = {isa = PBXFileReference; lastKnownFileType = sourcecode.c.objc; path = multiThreadSafeUITests.m; sourceTree = "<group>"; };
		482C7EA31E5D7B2B00E47069 /* Info.plist */ = {isa = PBXFileReference; lastKnownFileType = text.plist.xml; path = Info.plist; sourceTree = "<group>"; };
/* End PBXFileReference section */

/* Begin PBXFrameworksBuildPhase section */
		482C7E811E5D7B2B00E47069 /* Frameworks */ = {
			isa = PBXFrameworksBuildPhase;
			buildActionMask = 2147483647;
			files = (
			);
			runOnlyForDeploymentPostprocessing = 0;
		};
		482C7E9A1E5D7B2B00E47069 /* Frameworks */ = {
			isa = PBXFrameworksBuildPhase;
			buildActionMask = 2147483647;
			files = (
			);
			runOnlyForDeploymentPostprocessing = 0;
		};
/* End PBXFrameworksBuildPhase section */

/* Begin PBXGroup section */
		482C7E7B1E5D7B2B00E47069 = {
			isa = PBXGroup;
			children = (
				482C7E861E5D7B2B00E47069 /* multiThreadSafe */,
				482C7EA01E5D7B2B00E47069 /* multiThreadSafeUITests */,
				482C7E851E5D7B2B00E47069 /* Products */,
			);
			sourceTree = "<group>";
		};
		482C7E851E5D7B2B00E47069 /* Products */ = {
			isa = PBXGroup;
			children = (
				482C7E841E5D7B2B00E47069 /* multiThreadSafe.app */,
				482C7E9D1E5D7B2B00E47069 /* multiThreadSafeUITests.xctest */,
			);
			name = Products;
			sourceTree = "<group>";
		};
		482C7E861E5D7B2B00E47069 /* multiThreadSafe */ = {
			isa = PBXGroup;
			children = (
				482C7E8A1E5D7B2B00E47069 /* AppDelegate.h */,
				482C7E8B1E5D7B2B00E47069 /* AppDelegate.m */,
				482C7E8D1E5D7B2B00E47069 /* ViewController.h */,
				482C7E8E1E5D7B2B00E47069 /* ViewController.m */,
				482C7E901E5D7B2B00E47069 /* Main.storyboard */,
				482C7E931E5D7B2B00E47069 /* Assets.xcassets */,
				482C7E951E5D7B2B00E47069 /* LaunchScreen.storyboard */,
				482C7E981E5D7B2B00E47069 /* Info.plist */,
				482C7E871E5D7B2B00E47069 /* Supporting Files */,
			);
			path = multiThreadSafe;
			sourceTree = "<group>";
		};
		482C7E871E5D7B2B00E47069 /* Supporting Files */ = {
			isa = PBXGroup;
			children = (
				482C7E881E5D7B2B00E47069 /* main.m */,
			);
			name = "Supporting Files";
			sourceTree = "<group>";
		};
		482C7EA01E5D7B2B00E47069 /* multiThreadSafeUITests */ = {
			isa = PBXGroup;
			children = (
				482C7EA11E5D7B2B00E47069 /* multiThreadSafeUITests.m */,
				482C7EA31E5D7B2B00E47069 /* Info.plist */,
			);
			path = multiThreadSafeUITests;
			sourceTree = "<group>";
		};
/* End PBXGroup section */

/* Begin PBXNativeTarget section */
		482C7E831E5D7B2B00E47069 /* multiThreadSafe */ = {
			isa = PBXNativeTarget;
			buildConfigurationList = 482C7EA61E5D7B2B00E47069 /* Build configuration list for PBXNativeTarget "multiThreadSafe" */;
			buildPhases = (
				482C7E801E5D7B2B00E47069 /* Sources */,
				482C7E811E5D7B2B00E47069 /* Frameworks */,
				482C7E821E5D7B2B00E47069 /* Resources */,
			);
			buildRules = (
			);
			dependencies = (
			);
			name = multiThreadSafe;
			productName = multiThreadSafe;
			productReference = 482C7E841E5D7B2B00E47069 /* multiThreadSafe.app */;
			productType = "com.apple.product-type.application";
		};
		482C7E9C1E5D7B2B00E47069 /* multiThreadSafeUITests */ = {
			isa = PBXNativeTarget;
			buildConfigurationList = 482C7EA91E5D7B2B00E47069 /* Build configuration list for PBXNativeTarget "multiThreadSafeUITests" */;
			buildPhases = (
				482C7E991E5D7B2B00E47069 /* Sources */,
				482C7E9A1E5D7B2B00E47069 /* Frameworks */,
				482C7E9B1E5D7B2B00E47069 /* Resources */,
			);
			buildRules = (
			);
			dependencies = (
				482C7E9F1E5D7B2B00E47069 /* PBXTargetDependency */,
			);
			name = multiThreadSafeUITests;
			productName = multiThreadSafeUITests;
			productReference = 482C7E9D1E5D7B2B00E47069 /* multiThreadSafeUITests.xctest */;
			productType = "com.apple.product-type.bundle.ui-testing";
		};
/* End PBXNativeTarget section */

/* Begin PBXProject section */
		482C7E7C1E5D7B2B00E47069 /* Project object */ = {
			isa = PBXProject;
			attributes = {
				LastUpgradeCheck = 0820;
				ORGANIZATIONNAME = JessesWang;
				TargetAttributes = {
					482C7E831E5D7B2B00E47069 = {
						CreatedOnToolsVersion = 8.2.1;
						DevelopmentTeam = 39S4YX7V35;
						ProvisioningStyle = Automatic;
					};
					482C7E9C1E5D7B2B00E47069 = {
						CreatedOnToolsVersion = 8.2.1;
						ProvisioningStyle = Automatic;
						TestTargetID = 482C7E831E5D7B2B00E47069;
					};
				};
			};
			buildConfigurationList = 482C7E7F1E5D7B2B00E47069 /* Build configuration list for PBXProject "multiThreadSafe" */;
			compatibilityVersion = "Xcode 3.2";
			developmentRegion = English;
			hasScannedForEncodings = 0;
			knownRegions = (
				en,
				Base,
			);
			mainGroup = 482C7E7B1E5D7B2B00E47069;
			productRefGroup = 482C7E851E5D7B2B00E47069 /* Products */;
			projectDirPath = "";
			projectRoot = "";
			targets = (
				482C7E831E5D7B2B00E47069 /* multiThreadSafe */,
				482C7E9C1E5D7B2B00E47069 /* multiThreadSafeUITests */,
			);
		};
/* End PBXProject section */

/* Begin PBXResourcesBuildPhase section */
		482C7E821E5D7B2B00E47069 /* Resources */ = {
			isa = PBXResourcesBuildPhase;
			buildActionMask = 2147483647;
			files = (
				482C7E971E5D7B2B00E47069 /* LaunchScreen.storyboard in Resources */,
				482C7E941E5D7B2B00E47069 /* Assets.xcassets in Resources */,
				482C7E921E5D7B2B00E47069 /* Main.storyboard in Resources */,
			);
			runOnlyForDeploymentPostprocessing = 0;
		};
		482C7E9B1E5D7B2B00E47069 /* Resources */ = {
			isa = PBXResourcesBuildPhase;
			buildActionMask = 2147483647;
			files = (
			);
			runOnlyForDeploymentPostprocessing = 0;
		};
/* End PBXResourcesBuildPhase section */

/* Begin PBXSourcesBuildPhase section */
		482C7E801E5D7B2B00E47069 /* Sources */ = {
			isa = PBXSourcesBuildPhase;
			buildActionMask = 2147483647;
			files = (
				482C7E8F1E5D7B2B00E47069 /* ViewController.m in Sources */,
				482C7E8C1E5D7B2B00E47069 /* AppDelegate.m in Sources */,
				482C7E891E5D7B2B00E47069 /* main.m in Sources */,
			);
			runOnlyForDeploymentPostprocessing = 0;
		};
		482C7E991E5D7B2B00E47069 /* Sources */ = {
			isa = PBXSourcesBuildPhase;
			buildActionMask = 2147483647;
			files = (
				482C7EA21E5D7B2B00E47069 /* multiThreadSafeUITests.m in Sources */,
			);
			runOnlyForDeploymentPostprocessing = 0;
		};
/* End PBXSourcesBuildPhase section */

/* Begin PBXTargetDependency section */
		482C7E9F1E5D7B2B00E47069 /* PBXTargetDependency */ = {
			isa = PBXTargetDependency;
			target = 482C7E831E5D7B2B00E47069 /* multiThreadSafe */;
			targetProxy = 482C7E9E1E5D7B2B00E47069 /* PBXContainerItemProxy */;
		};
/* End PBXTargetDependency section */

/* Begin PBXVariantGroup section */
		482C7E901E5D7B2B00E47069 /* Main.storyboard */ = {
			isa = PBXVariantGroup;
			children = (
				482C7E911E5D7B2B00E47069 /* Base */,
			);
			name = Main.storyboard;
			sourceTree = "<group>";
		};
		482C7E951E5D7B2B00E47069 /* LaunchScreen.storyboard */ = {
			isa = PBXVariantGroup;
			children = (
				482C7E961E5D7B2B00E47069 /* Base */,
			);
			name = LaunchScreen.storyboard;
			sourceTree = "<group>";
		};
/* End PBXVariantGroup section */

/* Begin XCBuildConfiguration section */
		482C7EA41E5D7B2B00E47069 /* Debug */ = {
			isa = XCBuildConfiguration;
			buildSettings = {
				ALWAYS_SEARCH_USER_PATHS = NO;
				CLANG_ANALYZER_NONNULL = YES;
				CLANG_CXX_LANGUAGE_STANDARD = "gnu++0x";
				CLANG_CXX_LIBRARY = "libc++";
				CLANG_ENABLE_MODULES = YES;
				CLANG_ENABLE_OBJC_ARC = YES;
				CLANG_WARN_BOOL_CONVERSION = YES;
				CLANG_WARN_CONSTANT_CONVERSION = YES;
				CLANG_WARN_DIRECT_OBJC_ISA_USAGE = YES_ERROR;
				CLANG_WARN_DOCUMENTATION_COMMENTS = YES;
				CLANG_WARN_EMPTY_BODY = YES;
				CLANG_WARN_ENUM_CONVERSION = YES;
				CLANG_WARN_INFINITE_RECURSION = YES;
				CLANG_WARN_INT_CONVERSION = YES;
				CLANG_WARN_OBJC_ROOT_CLASS = YES_ERROR;
				CLANG_WARN_SUSPICIOUS_MOVE = YES;
				CLANG_WARN_UNREACHABLE_CODE = YES;
				CLANG_WARN__DUPLICATE_METHOD_MATCH = YES;
				"CODE_SIGN_IDENTITY[sdk=iphoneos*]" = "iPhone Developer";
				COPY_PHASE_STRIP = NO;
				DEBUG_INFORMATION_FORMAT = dwarf;
				ENABLE_STRICT_OBJC_MSGSEND = YES;
				ENABLE_TESTABILITY = YES;
				GCC_C_LANGUAGE_STANDARD = gnu99;
				GCC_DYNAMIC_NO_PIC = NO;
				GCC_NO_COMMON_BLOCKS = YES;
				GCC_OPTIMIZATION_LEVEL = 0;
				GCC_PREPROCESSOR_DEFINITIONS = (
					"DEBUG=1",
					"$(inherited)",
				);
				GCC_WARN_64_TO_32_BIT_CONVERSION = YES;
				GCC_WARN_ABOUT_RETURN_TYPE = YES_ERROR;
				GCC_WARN_UNDECLARED_SELECTOR = YES;
				GCC_WARN_UNINITIALIZED_AUTOS = YES_AGGRESSIVE;
				GCC_WARN_UNUSED_FUNCTION = YES;
				GCC_WARN_UNUSED_VARIABLE = YES;
				IPHONEOS_DEPLOYMENT_TARGET = 10.2;
				MTL_ENABLE_DEBUG_INFO = YES;
				ONLY_ACTIVE_ARCH = YES;
				SDKROOT = iphoneos;
				TARGETED_DEVICE_FAMILY = "1,2";
			};
			name = Debug;
		};
		482C7EA51E5D7B2B00E47069 /* Release */ = {
			isa = XCBuildConfiguration;
			buildSettings = {
				ALWAYS_SEARCH_USER_PATHS = NO;
				CLANG_ANALYZER_NONNULL = YES;
				CLANG_CXX_LANGUAGE_STANDARD = "gnu++0x";
				CLANG_CXX_LIBRARY = "libc++";
				CLANG_ENABLE_MODULES = YES;
				CLANG_ENABLE_OBJC_ARC = YES;
				CLANG_WARN_BOOL_CONVERSION = YES;
				CLANG_WARN_CONSTANT_CONVERSION = YES;
				CLANG_WARN_DIRECT_OBJC_ISA_USAGE = YES_ERROR;
				CLANG_WARN_DOCUMENTATION_COMMENTS = YES;
				CLANG_WARN_EMPTY_BODY = YES;
				CLANG_WARN_ENUM_CONVERSION = YES;
				CLANG_WARN_INFINITE_RECURSION = YES;
				CLANG_WARN_INT_CONVERSION = YES;
				CLANG_WARN_OBJC_ROOT_CLASS = YES_ERROR;
				CLANG_WARN_SUSPICIOUS_MOVE = YES;
				CLANG_WARN_UNREACHABLE_CODE = YES;
				CLANG_WARN__DUPLICATE_METHOD_MATCH = YES;
				"CODE_SIGN_IDENTITY[sdk=iphoneos*]" = "iPhone Developer";
				COPY_PHASE_STRIP = NO;
				DEBUG_INFORMATION_FORMAT = "dwarf-with-dsym";
				ENABLE_NS_ASSERTIONS = NO;
				ENABLE_STRICT_OBJC_MSGSEND = YES;
				GCC_C_LANGUAGE_STANDARD = gnu99;
				GCC_NO_COMMON_BLOCKS = YES;
				GCC_WARN_64_TO_32_BIT_CONVERSION = YES;
				GCC_WARN_ABOUT_RETURN_TYPE = YES_ERROR;
				GCC_WARN_UNDECLARED_SELECTOR = YES;
				GCC_WARN_UNINITIALIZED_AUTOS = YES_AGGRESSIVE;
				GCC_WARN_UNUSED_FUNCTION = YES;
				GCC_WARN_UNUSED_VARIABLE = YES;
				IPHONEOS_DEPLOYMENT_TARGET = 10.2;
				MTL_ENABLE_DEBUG_INFO = NO;
				SDKROOT = iphoneos;
				TARGETED_DEVICE_FAMILY = "1,2";
				VALIDATE_PRODUCT = YES;
			};
			name = Release;
		};
		482C7EA71E5D7B2B00E47069 /* Debug */ = {
			isa = XCBuildConfiguration;
			buildSettings = {
				ASSETCATALOG_COMPILER_APPICON_NAME = AppIcon;
				DEVELOPMENT_TEAM = 39S4YX7V35;
				INFOPLIST_FILE = multiThreadSafe/Info.plist;
				LD_RUNPATH_SEARCH_PATHS = "$(inherited) @executable_path/Frameworks";
				PRODUCT_BUNDLE_IDENTIFIER = JessesWang.multiThreadSafe;
				PRODUCT_NAME = "$(TARGET_NAME)";
			};
			name = Debug;
		};
		482C7EA81E5D7B2B00E47069 /* Release */ = {
			isa = XCBuildConfiguration;
			buildSettings = {
				ASSETCATALOG_COMPILER_APPICON_NAME = AppIcon;
				DEVELOPMENT_TEAM = 39S4YX7V35;
				INFOPLIST_FILE = multiThreadSafe/Info.plist;
				LD_RUNPATH_SEARCH_PATHS = "$(inherited) @executable_path/Frameworks";
				PRODUCT_BUNDLE_IDENTIFIER = JessesWang.multiThreadSafe;
				PRODUCT_NAME = "$(TARGET_NAME)";
			};
			name = Release;
		};
		482C7EAA1E5D7B2B00E47069 /* Debug */ = {
			isa = XCBuildConfiguration;
			buildSettings = {
				INFOPLIST_FILE = multiThreadSafeUITests/Info.plist;
				LD_RUNPATH_SEARCH_PATHS = "$(inherited) @executable_path/Frameworks @loader_path/Frameworks";
				PRODUCT_BUNDLE_IDENTIFIER = JessesWang.multiThreadSafeUITests;
				PRODUCT_NAME = "$(TARGET_NAME)";
				TEST_TARGET_NAME = multiThreadSafe;
			};
			name = Debug;
		};
		482C7EAB1E5D7B2B00E47069 /* Release */ = {
			isa = XCBuildConfiguration;
			buildSettings = {
				INFOPLIST_FILE = multiThreadSafeUITests/Info.plist;
				LD_RUNPATH_SEARCH_PATHS = "$(inherited) @executable_path/Frameworks @loader_path/Frameworks";
				PRODUCT_BUNDLE_IDENTIFIER = JessesWang.multiThreadSafeUITests;
				PRODUCT_NAME = "$(TARGET_NAME)";
				TEST_TARGET_NAME = multiThreadSafe;
			};
			name = Release;
		};
/* End XCBuildConfiguration section */

/* Begin XCConfigurationList section */
		482C7E7F1E5D7B2B00E47069 /* Build configuration list for PBXProject "multiThreadSafe" */ = {
			isa = XCConfigurationList;
			buildConfigurations = (
				482C7EA41E5D7B2B00E47069 /* Debug */,
				482C7EA51E5D7B2B00E47069 /* Release */,
			);
			defaultConfigurationIsVisible = 0;
			defaultConfigurationName = Release;
		};
		482C7EA61E5D7B2B00E47069 /* Build configuration list for PBXNativeTarget "multiThreadSafe" */ = {
			isa = XCConfigurationList;
			buildConfigurations = (
				482C7EA71E5D7B2B00E47069 /* Debug */,
				482C7EA81E5D7B2B00E47069 /* Release */,
			);
			defaultConfigurationIsVisible = 0;
		};
		482C7EA91E5D7B2B00E47069 /* Build configuration list for PBXNativeTarget "multiThreadSafeUITests" */ = {
			isa = XCConfigurationList;
			buildConfigurations = (
				482C7EAA1E5D7B2B00E47069 /* Debug */,
				482C7EAB1E5D7B2B00E47069 /* Release */,
			);
			defaultConfigurationIsVisible = 0;
		};
/* End XCConfigurationList section */
	};
	rootObject = 482C7E7C1E5D7B2B00E47069 /* Project object */;
}
